
Microsoft Visual Studio Solution File, Format Version 12.00
Project("{F2A71F9B-5D33-465A-A702-920D77279786}") = "DictionaryReplacerKata", "DictionaryReplacerKata.fsproj", "{6955FDC7-7908-4333-9D5D-B434C50A2293}"
EndProject
Global
	GlobalSection(SolutionConfigurationPlatforms) = preSolution
		Debug|Any CPU = Debug|Any CPU
		Release|Any CPU = Release|Any CPU
	EndGlobalSection
	GlobalSection(ProjectConfigurationPlatforms) = postSolution
		{6955FDC7-7908-4333-9D5D-B434C50A2293}.Debug|Any CPU.ActiveCfg = Debug|Any CPU
		{6955FDC7-7908-4333-9D5D-B434C50A2293}.Debug|Any CPU.Build.0 = Debug|Any CPU
		{6955FDC7-7908-4333-9D5D-B434C50A2293}.Release|Any CPU.ActiveCfg = Release|Any CPU
		{6955FDC7-7908-4333-9D5D-B434C50A2293}.Release|Any CPU.Build.0 = Release|Any CPU
	EndGlobalSection
EndGlobal
